// !$*UTF8*$!
{
	archiveVersion = 1;
	classes = {
	};
	objectVersion = 46;
	objects = {

/* Begin PBXBuildFile section */
		525B49F77FA996AECE3A645D /* Pods_PintSizePinterestChallenge.framework in Frameworks */ = {isa = PBXBuildFile; fileRef = 6CD41978EF476B125C6803D7 /* Pods_PintSizePinterestChallenge.framework */; };
		A4666D591E65DD520012B0D9 /* AppDelegate.swift in Sources */ = {isa = PBXBuildFile; fileRef = A4666D581E65DD520012B0D9 /* AppDelegate.swift */; };
		A4666D5B1E65DD520012B0D9 /* ViewController.swift in Sources */ = {isa = PBXBuildFile; fileRef = A4666D5A1E65DD520012B0D9 /* ViewController.swift */; };
		A4666D5E1E65DD520012B0D9 /* Main.storyboard in Resources */ = {isa = PBXBuildFile; fileRef = A4666D5C1E65DD520012B0D9 /* Main.storyboard */; };
		A4666D611E65DD520012B0D9 /* PintSizePinterestChallenge.xcdatamodeld in Sources */ = {isa = PBXBuildFile; fileRef = A4666D5F1E65DD520012B0D9 /* PintSizePinterestChallenge.xcdatamodeld */; };
		A4666D631E65DD520012B0D9 /* Assets.xcassets in Resources */ = {isa = PBXBuildFile; fileRef = A4666D621E65DD520012B0D9 /* Assets.xcassets */; };
		A4666D661E65DD520012B0D9 /* LaunchScreen.storyboard in Resources */ = {isa = PBXBuildFile; fileRef = A4666D641E65DD520012B0D9 /* LaunchScreen.storyboard */; };
		A4666D701E65E0300012B0D9 /* Secrets.swift in Sources */ = {isa = PBXBuildFile; fileRef = A4666D6F1E65E0300012B0D9 /* Secrets.swift */; };
		A4D9BA0D1E67067500AB7EB4 /* UserAuthenticationVC.swift in Sources */ = {isa = PBXBuildFile; fileRef = A4D9BA0C1E67067500AB7EB4 /* UserAuthenticationVC.swift */; };
		A4D9BA131E67082A00AB7EB4 /* UserBoardsCollectionVC.swift in Sources */ = {isa = PBXBuildFile; fileRef = A4D9BA121E67082A00AB7EB4 /* UserBoardsCollectionVC.swift */; };
		A4D9BA151E67088100AB7EB4 /* User.swift in Sources */ = {isa = PBXBuildFile; fileRef = A4D9BA141E67088100AB7EB4 /* User.swift */; };
		A4D9BA171E67097700AB7EB4 /* Board.swift in Sources */ = {isa = PBXBuildFile; fileRef = A4D9BA161E67097700AB7EB4 /* Board.swift */; };
		A4D9BA191E670A5900AB7EB4 /* Pin.swift in Sources */ = {isa = PBXBuildFile; fileRef = A4D9BA181E670A5900AB7EB4 /* Pin.swift */; };
		A4D9BA1B1E6738E200AB7EB4 /* PinterestAPIClient.swift in Sources */ = {isa = PBXBuildFile; fileRef = A4D9BA1A1E6738E200AB7EB4 /* PinterestAPIClient.swift */; };
		A4D9BA1D1E67704700AB7EB4 /* BoardCollectionViewCell.swift in Sources */ = {isa = PBXBuildFile; fileRef = A4D9BA1C1E67704700AB7EB4 /* BoardCollectionViewCell.swift */; };
		A4D9BA1F1E67B0A700AB7EB4 /* BoardFeedTableVC.swift in Sources */ = {isa = PBXBuildFile; fileRef = A4D9BA1E1E67B0A700AB7EB4 /* BoardFeedTableVC.swift */; };
		A4D9BA231E67CA6000AB7EB4 /* PinterestUserDataStore.swift in Sources */ = {isa = PBXBuildFile; fileRef = A4D9BA221E67CA6000AB7EB4 /* PinterestUserDataStore.swift */; };
/* End PBXBuildFile section */

/* Begin PBXFileReference section */
		3179ED28CEBE313F3E5F3BFD /* Pods-PintSizePinterestChallenge.release.xcconfig */ = {isa = PBXFileReference; includeInIndex = 1; lastKnownFileType = text.xcconfig; name = "Pods-PintSizePinterestChallenge.release.xcconfig"; path = "Pods/Target Support Files/Pods-PintSizePinterestChallenge/Pods-PintSizePinterestChallenge.release.xcconfig"; sourceTree = "<group>"; };
		6CD41978EF476B125C6803D7 /* Pods_PintSizePinterestChallenge.framework */ = {isa = PBXFileReference; explicitFileType = wrapper.framework; includeInIndex = 0; path = Pods_PintSizePinterestChallenge.framework; sourceTree = BUILT_PRODUCTS_DIR; };
		A4666D551E65DD520012B0D9 /* PintSizePinterestChallenge.app */ = {isa = PBXFileReference; explicitFileType = wrapper.application; includeInIndex = 0; path = PintSizePinterestChallenge.app; sourceTree = BUILT_PRODUCTS_DIR; };
		A4666D581E65DD520012B0D9 /* AppDelegate.swift */ = {isa = PBXFileReference; lastKnownFileType = sourcecode.swift; path = AppDelegate.swift; sourceTree = "<group>"; };
		A4666D5A1E65DD520012B0D9 /* ViewController.swift */ = {isa = PBXFileReference; lastKnownFileType = sourcecode.swift; path = ViewController.swift; sourceTree = "<group>"; };
		A4666D5D1E65DD520012B0D9 /* Base */ = {isa = PBXFileReference; lastKnownFileType = file.storyboard; name = Base; path = Base.lproj/Main.storyboard; sourceTree = "<group>"; };
		A4666D601E65DD520012B0D9 /* PintSizePinterestChallenge.xcdatamodel */ = {isa = PBXFileReference; lastKnownFileType = wrapper.xcdatamodel; path = PintSizePinterestChallenge.xcdatamodel; sourceTree = "<group>"; };
		A4666D621E65DD520012B0D9 /* Assets.xcassets */ = {isa = PBXFileReference; lastKnownFileType = folder.assetcatalog; path = Assets.xcassets; sourceTree = "<group>"; };
		A4666D651E65DD520012B0D9 /* Base */ = {isa = PBXFileReference; lastKnownFileType = file.storyboard; name = Base; path = Base.lproj/LaunchScreen.storyboard; sourceTree = "<group>"; };
		A4666D671E65DD530012B0D9 /* Info.plist */ = {isa = PBXFileReference; lastKnownFileType = text.plist.xml; path = Info.plist; sourceTree = "<group>"; };
		A4666D6F1E65E0300012B0D9 /* Secrets.swift */ = {isa = PBXFileReference; fileEncoding = 4; lastKnownFileType = sourcecode.swift; path = Secrets.swift; sourceTree = "<group>"; };
		A4D9BA0C1E67067500AB7EB4 /* UserAuthenticationVC.swift */ = {isa = PBXFileReference; fileEncoding = 4; lastKnownFileType = sourcecode.swift; path = UserAuthenticationVC.swift; sourceTree = "<group>"; };
		A4D9BA121E67082A00AB7EB4 /* UserBoardsCollectionVC.swift */ = {isa = PBXFileReference; fileEncoding = 4; lastKnownFileType = sourcecode.swift; path = UserBoardsCollectionVC.swift; sourceTree = "<group>"; };
		A4D9BA141E67088100AB7EB4 /* User.swift */ = {isa = PBXFileReference; fileEncoding = 4; lastKnownFileType = sourcecode.swift; path = User.swift; sourceTree = "<group>"; };
		A4D9BA161E67097700AB7EB4 /* Board.swift */ = {isa = PBXFileReference; fileEncoding = 4; lastKnownFileType = sourcecode.swift; path = Board.swift; sourceTree = "<group>"; };
		A4D9BA181E670A5900AB7EB4 /* Pin.swift */ = {isa = PBXFileReference; fileEncoding = 4; lastKnownFileType = sourcecode.swift; path = Pin.swift; sourceTree = "<group>"; };
		A4D9BA1A1E6738E200AB7EB4 /* PinterestAPIClient.swift */ = {isa = PBXFileReference; fileEncoding = 4; lastKnownFileType = sourcecode.swift; path = PinterestAPIClient.swift; sourceTree = "<group>"; };
		A4D9BA1C1E67704700AB7EB4 /* BoardCollectionViewCell.swift */ = {isa = PBXFileReference; fileEncoding = 4; lastKnownFileType = sourcecode.swift; path = BoardCollectionViewCell.swift; sourceTree = "<group>"; };
		A4D9BA1E1E67B0A700AB7EB4 /* BoardFeedTableVC.swift */ = {isa = PBXFileReference; fileEncoding = 4; lastKnownFileType = sourcecode.swift; path = BoardFeedTableVC.swift; sourceTree = "<group>"; };
		A4D9BA221E67CA6000AB7EB4 /* PinterestUserDataStore.swift */ = {isa = PBXFileReference; fileEncoding = 4; lastKnownFileType = sourcecode.swift; path = PinterestUserDataStore.swift; sourceTree = "<group>"; };
		FB6FC7A1E3499457867515AC /* Pods-PintSizePinterestChallenge.debug.xcconfig */ = {isa = PBXFileReference; includeInIndex = 1; lastKnownFileType = text.xcconfig; name = "Pods-PintSizePinterestChallenge.debug.xcconfig"; path = "Pods/Target Support Files/Pods-PintSizePinterestChallenge/Pods-PintSizePinterestChallenge.debug.xcconfig"; sourceTree = "<group>"; };
/* End PBXFileReference section */

/* Begin PBXFrameworksBuildPhase section */
		A4666D521E65DD500012B0D9 /* Frameworks */ = {
			isa = PBXFrameworksBuildPhase;
			buildActionMask = 2147483647;
			files = (
				525B49F77FA996AECE3A645D /* Pods_PintSizePinterestChallenge.framework in Frameworks */,
			);
			runOnlyForDeploymentPostprocessing = 0;
		};
/* End PBXFrameworksBuildPhase section */

/* Begin PBXGroup section */
		5F23AA2A19E7920D0CB8A8E0 /* Frameworks */ = {
			isa = PBXGroup;
			children = (
				6CD41978EF476B125C6803D7 /* Pods_PintSizePinterestChallenge.framework */,
			);
			name = Frameworks;
			sourceTree = "<group>";
		};
		A4666D4C1E65DD500012B0D9 = {
			isa = PBXGroup;
			children = (
				A4666D571E65DD520012B0D9 /* PintSizePinterestChallenge */,
				A4666D561E65DD520012B0D9 /* Products */,
				A6E666A3701530DF79B7613D /* Pods */,
				5F23AA2A19E7920D0CB8A8E0 /* Frameworks */,
			);
			sourceTree = "<group>";
		};
		A4666D561E65DD520012B0D9 /* Products */ = {
			isa = PBXGroup;
			children = (
				A4666D551E65DD520012B0D9 /* PintSizePinterestChallenge.app */,
			);
			name = Products;
			sourceTree = "<group>";
		};
		A4666D571E65DD520012B0D9 /* PintSizePinterestChallenge */ = {
			isa = PBXGroup;
			children = (
				A4D9BA0E1E6706D100AB7EB4 /* Model */,
				A4D9BA0F1E6706DD00AB7EB4 /* View */,
				A4D9BA101E6706E800AB7EB4 /* Controller */,
				A4D9BA111E6706FA00AB7EB4 /* Other */,
			);
			path = PintSizePinterestChallenge;
			sourceTree = "<group>";
		};
		A4D9BA0E1E6706D100AB7EB4 /* Model */ = {
			isa = PBXGroup;
			children = (
				A4666D581E65DD520012B0D9 /* AppDelegate.swift */,
				A4666D6F1E65E0300012B0D9 /* Secrets.swift */,
				A4D9BA141E67088100AB7EB4 /* User.swift */,
				A4D9BA161E67097700AB7EB4 /* Board.swift */,
				A4D9BA181E670A5900AB7EB4 /* Pin.swift */,
				A4D9BA1A1E6738E200AB7EB4 /* PinterestAPIClient.swift */,
				A4D9BA1C1E67704700AB7EB4 /* BoardCollectionViewCell.swift */,
				A4D9BA221E67CA6000AB7EB4 /* PinterestUserDataStore.swift */,
			);
			name = Model;
			sourceTree = "<group>";
		};
		A4D9BA0F1E6706DD00AB7EB4 /* View */ = {
			isa = PBXGroup;
			children = (
				A4666D641E65DD520012B0D9 /* LaunchScreen.storyboard */,
				A4666D5C1E65DD520012B0D9 /* Main.storyboard */,
			);
			name = View;
			sourceTree = "<group>";
		};
		A4D9BA101E6706E800AB7EB4 /* Controller */ = {
			isa = PBXGroup;
			children = (
				A4666D5A1E65DD520012B0D9 /* ViewController.swift */,
				A4D9BA0C1E67067500AB7EB4 /* UserAuthenticationVC.swift */,
				A4D9BA121E67082A00AB7EB4 /* UserBoardsCollectionVC.swift */,
				A4D9BA1E1E67B0A700AB7EB4 /* BoardFeedTableVC.swift */,
			);
			name = Controller;
			sourceTree = "<group>";
		};
		A4D9BA111E6706FA00AB7EB4 /* Other */ = {
			isa = PBXGroup;
			children = (
				A4666D621E65DD520012B0D9 /* Assets.xcassets */,
				A4666D671E65DD530012B0D9 /* Info.plist */,
				A4666D5F1E65DD520012B0D9 /* PintSizePinterestChallenge.xcdatamodeld */,
			);
			name = Other;
			sourceTree = "<group>";
		};
		A6E666A3701530DF79B7613D /* Pods */ = {
			isa = PBXGroup;
			children = (
				FB6FC7A1E3499457867515AC /* Pods-PintSizePinterestChallenge.debug.xcconfig */,
				3179ED28CEBE313F3E5F3BFD /* Pods-PintSizePinterestChallenge.release.xcconfig */,
			);
			name = Pods;
			sourceTree = "<group>";
		};
/* End PBXGroup section */

/* Begin PBXNativeTarget section */
		A4666D541E65DD500012B0D9 /* PintSizePinterestChallenge */ = {
			isa = PBXNativeTarget;
			buildConfigurationList = A4666D6A1E65DD530012B0D9 /* Build configuration list for PBXNativeTarget "PintSizePinterestChallenge" */;
			buildPhases = (
				8E2F538AA71226A13475A72F /* [CP] Check Pods Manifest.lock */,
				A4666D511E65DD500012B0D9 /* Sources */,
				A4666D521E65DD500012B0D9 /* Frameworks */,
				A4666D531E65DD500012B0D9 /* Resources */,
				9CBF0D551A45F67EC7873DBF /* [CP] Embed Pods Frameworks */,
				5BB265375AC9AF092AA5EE18 /* [CP] Copy Pods Resources */,
			);
			buildRules = (
			);
			dependencies = (
			);
			name = PintSizePinterestChallenge;
			productName = PintSizePinterestChallenge;
			productReference = A4666D551E65DD520012B0D9 /* PintSizePinterestChallenge.app */;
			productType = "com.apple.product-type.application";
		};
/* End PBXNativeTarget section */

/* Begin PBXProject section */
		A4666D4D1E65DD500012B0D9 /* Project object */ = {
			isa = PBXProject;
			attributes = {
				LastSwiftUpdateCheck = 0820;
				LastUpgradeCheck = 0820;
				ORGANIZATIONNAME = "Betty Fung";
				TargetAttributes = {
					A4666D541E65DD500012B0D9 = {
						CreatedOnToolsVersion = 8.2.1;
						DevelopmentTeam = 4E8JHBC5T7;
						ProvisioningStyle = Automatic;
					};
				};
			};
			buildConfigurationList = A4666D501E65DD500012B0D9 /* Build configuration list for PBXProject "PintSizePinterestChallenge" */;
			compatibilityVersion = "Xcode 3.2";
			developmentRegion = English;
			hasScannedForEncodings = 0;
			knownRegions = (
				en,
				Base,
			);
			mainGroup = A4666D4C1E65DD500012B0D9;
			productRefGroup = A4666D561E65DD520012B0D9 /* Products */;
			projectDirPath = "";
			projectRoot = "";
			targets = (
				A4666D541E65DD500012B0D9 /* PintSizePinterestChallenge */,
			);
		};
/* End PBXProject section */

/* Begin PBXResourcesBuildPhase section */
		A4666D531E65DD500012B0D9 /* Resources */ = {
			isa = PBXResourcesBuildPhase;
			buildActionMask = 2147483647;
			files = (
				A4666D661E65DD520012B0D9 /* LaunchScreen.storyboard in Resources */,
				A4666D631E65DD520012B0D9 /* Assets.xcassets in Resources */,
				A4666D5E1E65DD520012B0D9 /* Main.storyboard in Resources */,
			);
			runOnlyForDeploymentPostprocessing = 0;
		};
/* End PBXResourcesBuildPhase section */

/* Begin PBXShellScriptBuildPhase section */
		5BB265375AC9AF092AA5EE18 /* [CP] Copy Pods Resources */ = {
			isa = PBXShellScriptBuildPhase;
			buildActionMask = 2147483647;
			files = (
			);
			inputPaths = (
			);
			name = "[CP] Copy Pods Resources";
			outputPaths = (
			);
			runOnlyForDeploymentPostprocessing = 0;
			shellPath = /bin/sh;
			shellScript = "\"${SRCROOT}/Pods/Target Support Files/Pods-PintSizePinterestChallenge/Pods-PintSizePinterestChallenge-resources.sh\"\n";
			showEnvVarsInLog = 0;
		};
		8E2F538AA71226A13475A72F /* [CP] Check Pods Manifest.lock */ = {
			isa = PBXShellScriptBuildPhase;
			buildActionMask = 2147483647;
			files = (
			);
			inputPaths = (
			);
			name = "[CP] Check Pods Manifest.lock";
			outputPaths = (
			);
			runOnlyForDeploymentPostprocessing = 0;
			shellPath = /bin/sh;
			shellScript = "diff \"${PODS_ROOT}/../Podfile.lock\" \"${PODS_ROOT}/Manifest.lock\" > /dev/null\nif [ $? != 0 ] ; then\n    # print error to STDERR\n    echo \"error: The sandbox is not in sync with the Podfile.lock. Run 'pod install' or update your CocoaPods installation.\" >&2\n    exit 1\nfi\n";
			showEnvVarsInLog = 0;
		};
		9CBF0D551A45F67EC7873DBF /* [CP] Embed Pods Frameworks */ = {
			isa = PBXShellScriptBuildPhase;
			buildActionMask = 2147483647;
			files = (
			);
			inputPaths = (
			);
			name = "[CP] Embed Pods Frameworks";
			outputPaths = (
			);
			runOnlyForDeploymentPostprocessing = 0;
			shellPath = /bin/sh;
			shellScript = "\"${SRCROOT}/Pods/Target Support Files/Pods-PintSizePinterestChallenge/Pods-PintSizePinterestChallenge-frameworks.sh\"\n";
			showEnvVarsInLog = 0;
		};
/* End PBXShellScriptBuildPhase section */

/* Begin PBXSourcesBuildPhase section */
		A4666D511E65DD500012B0D9 /* Sources */ = {
			isa = PBXSourcesBuildPhase;
			buildActionMask = 2147483647;
			files = (
				A4D9BA131E67082A00AB7EB4 /* UserBoardsCollectionVC.swift in Sources */,
				A4D9BA0D1E67067500AB7EB4 /* UserAuthenticationVC.swift in Sources */,
				A4666D5B1E65DD520012B0D9 /* ViewController.swift in Sources */,
				A4D9BA191E670A5900AB7EB4 /* Pin.swift in Sources */,
				A4D9BA231E67CA6000AB7EB4 /* PinterestUserDataStore.swift in Sources */,
				A4D9BA1B1E6738E200AB7EB4 /* PinterestAPIClient.swift in Sources */,
				A4666D701E65E0300012B0D9 /* Secrets.swift in Sources */,
				A4D9BA1D1E67704700AB7EB4 /* BoardCollectionViewCell.swift in Sources */,
				A4666D591E65DD520012B0D9 /* AppDelegate.swift in Sources */,
				A4666D611E65DD520012B0D9 /* PintSizePinterestChallenge.xcdatamodeld in Sources */,
				A4D9BA171E67097700AB7EB4 /* Board.swift in Sources */,
				A4D9BA1F1E67B0A700AB7EB4 /* BoardFeedTableVC.swift in Sources */,
				A4D9BA151E67088100AB7EB4 /* User.swift in Sources */,
			);
			runOnlyForDeploymentPostprocessing = 0;
		};
/* End PBXSourcesBuildPhase section */

/* Begin PBXVariantGroup section */
		A4666D5C1E65DD520012B0D9 /* Main.storyboard */ = {
			isa = PBXVariantGroup;
			children = (
				A4666D5D1E65DD520012B0D9 /* Base */,
			);
			name = Main.storyboard;
			sourceTree = "<group>";
		};
		A4666D641E65DD520012B0D9 /* LaunchScreen.storyboard */ = {
			isa = PBXVariantGroup;
			children = (
				A4666D651E65DD520012B0D9 /* Base */,
			);
			name = LaunchScreen.storyboard;
			sourceTree = "<group>";
		};
/* End PBXVariantGroup section */

/* Begin XCBuildConfiguration section */
		A4666D681E65DD530012B0D9 /* Debug */ = {
			isa = XCBuildConfiguration;
			buildSettings = {
				ALWAYS_SEARCH_USER_PATHS = NO;
				CLANG_ANALYZER_NONNULL = YES;
				CLANG_CXX_LANGUAGE_STANDARD = "gnu++0x";
				CLANG_CXX_LIBRARY = "libc++";
				CLANG_ENABLE_MODULES = YES;
				CLANG_ENABLE_OBJC_ARC = YES;
				CLANG_WARN_BOOL_CONVERSION = YES;
				CLANG_WARN_CONSTANT_CONVERSION = YES;
				CLANG_WARN_DIRECT_OBJC_ISA_USAGE = YES_ERROR;
				CLANG_WARN_DOCUMENTATION_COMMENTS = YES;
				CLANG_WARN_EMPTY_BODY = YES;
				CLANG_WARN_ENUM_CONVERSION = YES;
				CLANG_WARN_INFINITE_RECURSION = YES;
				CLANG_WARN_INT_CONVERSION = YES;
				CLANG_WARN_OBJC_ROOT_CLASS = YES_ERROR;
				CLANG_WARN_SUSPICIOUS_MOVE = YES;
				CLANG_WARN_UNREACHABLE_CODE = YES;
				CLANG_WARN__DUPLICATE_METHOD_MATCH = YES;
				"CODE_SIGN_IDENTITY[sdk=iphoneos*]" = "iPhone Developer";
				COPY_PHASE_STRIP = NO;
				DEBUG_INFORMATION_FORMAT = dwarf;
				ENABLE_STRICT_OBJC_MSGSEND = YES;
				ENABLE_TESTABILITY = YES;
				GCC_C_LANGUAGE_STANDARD = gnu99;
				GCC_DYNAMIC_NO_PIC = NO;
				GCC_NO_COMMON_BLOCKS = YES;
				GCC_OPTIMIZATION_LEVEL = 0;
				GCC_PREPROCESSOR_DEFINITIONS = (
					"DEBUG=1",
					"$(inherited)",
				);
				GCC_WARN_64_TO_32_BIT_CONVERSION = YES;
				GCC_WARN_ABOUT_RETURN_TYPE = YES_ERROR;
				GCC_WARN_UNDECLARED_SELECTOR = YES;
				GCC_WARN_UNINITIALIZED_AUTOS = YES_AGGRESSIVE;
				GCC_WARN_UNUSED_FUNCTION = YES;
				GCC_WARN_UNUSED_VARIABLE = YES;
				IPHONEOS_DEPLOYMENT_TARGET = 10.2;
				MTL_ENABLE_DEBUG_INFO = YES;
				ONLY_ACTIVE_ARCH = YES;
				SDKROOT = iphoneos;
				SWIFT_ACTIVE_COMPILATION_CONDITIONS = DEBUG;
				SWIFT_OPTIMIZATION_LEVEL = "-Onone";
			};
			name = Debug;
		};
		A4666D691E65DD530012B0D9 /* Release */ = {
			isa = XCBuildConfiguration;
			buildSettings = {
				ALWAYS_SEARCH_USER_PATHS = NO;
				CLANG_ANALYZER_NONNULL = YES;
				CLANG_CXX_LANGUAGE_STANDARD = "gnu++0x";
				CLANG_CXX_LIBRARY = "libc++";
				CLANG_ENABLE_MODULES = YES;
				CLANG_ENABLE_OBJC_ARC = YES;
				CLANG_WARN_BOOL_CONVERSION = YES;
				CLANG_WARN_CONSTANT_CONVERSION = YES;
				CLANG_WARN_DIRECT_OBJC_ISA_USAGE = YES_ERROR;
				CLANG_WARN_DOCUMENTATION_COMMENTS = YES;
				CLANG_WARN_EMPTY_BODY = YES;
				CLANG_WARN_ENUM_CONVERSION = YES;
				CLANG_WARN_INFINITE_RECURSION = YES;
				CLANG_WARN_INT_CONVERSION = YES;
				CLANG_WARN_OBJC_ROOT_CLASS = YES_ERROR;
				CLANG_WARN_SUSPICIOUS_MOVE = YES;
				CLANG_WARN_UNREACHABLE_CODE = YES;
				CLANG_WARN__DUPLICATE_METHOD_MATCH = YES;
				"CODE_SIGN_IDENTITY[sdk=iphoneos*]" = "iPhone Developer";
				COPY_PHASE_STRIP = NO;
				DEBUG_INFORMATION_FORMAT = "dwarf-with-dsym";
				ENABLE_NS_ASSERTIONS = NO;
				ENABLE_STRICT_OBJC_MSGSEND = YES;
				GCC_C_LANGUAGE_STANDARD = gnu99;
				GCC_NO_COMMON_BLOCKS = YES;
				GCC_WARN_64_TO_32_BIT_CONVERSION = YES;
				GCC_WARN_ABOUT_RETURN_TYPE = YES_ERROR;
				GCC_WARN_UNDECLARED_SELECTOR = YES;
				GCC_WARN_UNINITIALIZED_AUTOS = YES_AGGRESSIVE;
				GCC_WARN_UNUSED_FUNCTION = YES;
				GCC_WARN_UNUSED_VARIABLE = YES;
				IPHONEOS_DEPLOYMENT_TARGET = 10.2;
				MTL_ENABLE_DEBUG_INFO = NO;
				SDKROOT = iphoneos;
				SWIFT_OPTIMIZATION_LEVEL = "-Owholemodule";
				VALIDATE_PRODUCT = YES;
			};
			name = Release;
		};
		A4666D6B1E65DD530012B0D9 /* Debug */ = {
			isa = XCBuildConfiguration;
			baseConfigurationReference = FB6FC7A1E3499457867515AC /* Pods-PintSizePinterestChallenge.debug.xcconfig */;
			buildSettings = {
				ASSETCATALOG_COMPILER_APPICON_NAME = AppIcon;
				DEVELOPMENT_TEAM = 4E8JHBC5T7;
				INFOPLIST_FILE = PintSizePinterestChallenge/Info.plist;
				LD_RUNPATH_SEARCH_PATHS = "$(inherited) @executable_path/Frameworks";
				PRODUCT_BUNDLE_IDENTIFIER = bettyfung.PintSizePinterestChallenge;
				PRODUCT_NAME = "$(TARGET_NAME)";
				SWIFT_VERSION = 3.0;
			};
			name = Debug;
		};
		A4666D6C1E65DD530012B0D9 /* Release */ = {
			isa = XCBuildConfiguration;
			baseConfigurationReference = 3179ED28CEBE313F3E5F3BFD /* Pods-PintSizePinterestChallenge.release.xcconfig */;
			buildSettings = {
				ASSETCATALOG_COMPILER_APPICON_NAME = AppIcon;
				DEVELOPMENT_TEAM = 4E8JHBC5T7;
				INFOPLIST_FILE = PintSizePinterestChallenge/Info.plist;
				LD_RUNPATH_SEARCH_PATHS = "$(inherited) @executable_path/Frameworks";
				PRODUCT_BUNDLE_IDENTIFIER = bettyfung.PintSizePinterestChallenge;
				PRODUCT_NAME = "$(TARGET_NAME)";
				SWIFT_VERSION = 3.0;
			};
			name = Release;
		};
/* End XCBuildConfiguration section */

/* Begin XCConfigurationList section */
		A4666D501E65DD500012B0D9 /* Build configuration list for PBXProject "PintSizePinterestChallenge" */ = {
			isa = XCConfigurationList;
			buildConfigurations = (
				A4666D681E65DD530012B0D9 /* Debug */,
				A4666D691E65DD530012B0D9 /* Release */,
			);
			defaultConfigurationIsVisible = 0;
			defaultConfigurationName = Release;
		};
		A4666D6A1E65DD530012B0D9 /* Build configuration list for PBXNativeTarget "PintSizePinterestChallenge" */ = {
			isa = XCConfigurationList;
			buildConfigurations = (
				A4666D6B1E65DD530012B0D9 /* Debug */,
				A4666D6C1E65DD530012B0D9 /* Release */,
			);
			defaultConfigurationIsVisible = 0;
			defaultConfigurationName = Release;
		};
/* End XCConfigurationList section */

/* Begin XCVersionGroup section */
		A4666D5F1E65DD520012B0D9 /* PintSizePinterestChallenge.xcdatamodeld */ = {
			isa = XCVersionGroup;
			children = (
				A4666D601E65DD520012B0D9 /* PintSizePinterestChallenge.xcdatamodel */,
			);
			currentVersion = A4666D601E65DD520012B0D9 /* PintSizePinterestChallenge.xcdatamodel */;
			path = PintSizePinterestChallenge.xcdatamodeld;
			sourceTree = "<group>";
			versionGroupType = wrapper.xcdatamodel;
		};
/* End XCVersionGroup section */
	};
	rootObject = A4666D4D1E65DD500012B0D9 /* Project object */;
}
